{
  "nodes": {
    "catppuccin": {
      "inputs": {
        "nixpkgs": "nixpkgs"
      },
      "locked": {
        "lastModified": 1739934729,
        "narHash": "sha256-PcrLk10meIJICzUJqtCMOJxoITzbH52fZg2XAB7SSsM=",
        "owner": "catppuccin",
        "repo": "nix",
        "rev": "b1ff2a638afa827f1473498190a2c1cae1cf41cf",
        "type": "github"
      },
      "original": {
        "owner": "catppuccin",
        "repo": "nix",
        "type": "github"
      }
    },
    "flake-compat": {
      "flake": false,
      "locked": {
        "lastModified": 1717312683,
        "narHash": "sha256-FrlieJH50AuvagamEvWMIE6D2OAnERuDboFDYAED/dE=",
        "owner": "nix-community",
        "repo": "flake-compat",
        "rev": "38fd3954cf65ce6faf3d0d45cd26059e059f07ea",
        "type": "github"
      },
      "original": {
        "owner": "nix-community",
        "repo": "flake-compat",
        "type": "github"
      }
    },
    "home-manager": {
      "inputs": {
        "nixpkgs": [
          "nixpkgs"
        ]
      },
      "locked": {
        "lastModified": 1740347597,
        "narHash": "sha256-st5q9egkPGz8TUcVVlIQX7y6G3AzHob+6M963bwVq74=",
        "owner": "nix-community",
        "repo": "home-manager",
        "rev": "12e26a74e5eb1a31e13daaa08858689e25ebd449",
        "type": "github"
      },
      "original": {
        "owner": "nix-community",
        "repo": "home-manager",
        "type": "github"
      }
    },
    "nixos-cosmic": {
      "inputs": {
        "flake-compat": "flake-compat",
        "nixpkgs": [
          "nixpkgs"
        ],
        "nixpkgs-stable": "nixpkgs-stable"
      },
      "locked": {
        "lastModified": 1740407585,
        "narHash": "sha256-dwhN8q/ynbUxyt7YSH6Mmz+gXhaSoRBYjgck11HwhX0=",
        "owner": "lilyinstarlight",
        "repo": "nixos-cosmic",
        "rev": "52522b9882a9b01fecd12d7de24ffbb69c5b72cd",
        "type": "github"
      },
      "original": {
        "owner": "lilyinstarlight",
        "repo": "nixos-cosmic",
        "type": "github"
      }
    },
    "nixos-hardware": {
      "locked": {
        "lastModified": 1740387674,
        "narHash": "sha256-pGk/aA0EBvI6o4DeuZsr05Ig/r4uMlSaf5EWUZEWM10=",
        "owner": "NixOS",
        "repo": "nixos-hardware",
        "rev": "d58f642ddb23320965b27beb0beba7236e9117b5",
        "type": "github"
      },
      "original": {
        "owner": "NixOS",
        "ref": "master",
        "repo": "nixos-hardware",
        "type": "github"
      }
    },
    "nixpkgs": {
      "locked": {
        "lastModified": 1736012469,
        "narHash": "sha256-/qlNWm/IEVVH7GfgAIyP6EsVZI6zjAx1cV5zNyrs+rI=",
        "owner": "NixOS",
        "repo": "nixpkgs",
        "rev": "8f3e1f807051e32d8c95cd12b9b421623850a34d",
        "type": "github"
      },
      "original": {
        "owner": "NixOS",
        "ref": "nixos-unstable",
        "repo": "nixpkgs",
        "type": "github"
      }
    },
    "nixpkgs-stable": {
      "locked": {
        "lastModified": 1740162160,
        "narHash": "sha256-SSYxFhqCOb3aiPb6MmN68yEzBIltfom8IgRz7phHscM=",
        "owner": "NixOS",
        "repo": "nixpkgs",
        "rev": "11415c7ae8539d6292f2928317ee7a8410b28bb9",
        "type": "github"
      },
      "original": {
        "owner": "NixOS",
        "ref": "nixos-24.11",
        "repo": "nixpkgs",
        "type": "github"
      }
    },
    "nixpkgs_2": {
      "locked": {
        "lastModified": 1740367490,
        "narHash": "sha256-WGaHVAjcrv+Cun7zPlI41SerRtfknGQap281+AakSAw=",
        "owner": "nixos",
        "repo": "nixpkgs",
        "rev": "0196c0175e9191c474c26ab5548db27ef5d34b05",
        "type": "github"
      },
      "original": {
        "owner": "nixos",
        "ref": "nixos-unstable",
        "repo": "nixpkgs",
        "type": "github"
      }
    },
    "root": {
      "inputs": {
        "catppuccin": "catppuccin",
        "home-manager": "home-manager",
        "nixos-cosmic": "nixos-cosmic",
        "nixos-hardware": "nixos-hardware",
        "nixpkgs": "nixpkgs_2"
      }
    }
  },
  "root": "root",
  "version": 7
}
